# THIS IS AN AUTOGENERATED FILE. DO NOT EDIT THIS FILE DIRECTLY.
# yarn lockfile v1


"@types/node@^16.9.6":
  version "16.9.6"
  resolved "https://registry.yarnpkg.com/@types/node/-/node-16.9.6.tgz#040a64d7faf9e5d9e940357125f0963012e66f04"
  integrity sha512-YHUZhBOMTM3mjFkXVcK+WwAcYmyhe1wL4lfqNtzI0b3qAy7yuSetnM7QJazgE5PFmgVTNGiLOgRFfJMqW7XpSQ==
